# THIS IS AN AUTOGENERATED FILE. DO NOT EDIT THIS FILE DIRECTLY.
# yarn lockfile v1


"@aws-sdk/util-dynamodb@^3.540.0":
  version "3.637.0"
  resolved "https://registry.yarnpkg.com/@aws-sdk/util-dynamodb/-/util-dynamodb-3.637.0.tgz#6967262f908b257185d120e40c6c3a296522ebf3"
  integrity sha512-C2q8HcGRiahtf46Mhaqydh1gofeksj7m74PJXHYKW+pKBMLPlpou1+w2o5QSpVEp0dSBtKw30eRVQzxhqg/ACA==
  dependencies:
    tslib "^2.6.2"

tslib@^2.6.2:
  version "2.6.3"
  resolved "https://registry.yarnpkg.com/tslib/-/tslib-2.6.3.tgz#0438f810ad7a9edcde7a241c3d80db693c8cbfe0"
  integrity sha512-xNvxJEOUiWPGhUuUdQgAJPKOOJfGnIyKySOc09XkKsgdUV/3E2zvwZYdejjmRgPCgcym1juLH3226yA7sEFJKQ==
